{
  "name": "art-pak-plus-site",
  "version": "1.0.0",
  "lockfileVersion": 3,
  "requires": true,
  "packages": {
    "": {
      "name": "art-pak-plus-site",
      "version": "1.0.0",
      "dependencies": {
        "nodemailer": "^10.0.3"
      },
      "devDependencies": {
        "playwright-core": "^1.49.1"
      },
      "engines": {
        "node": ">=20"
      }
    },
    "node_modules/nodemailer": {
      "version": "10.0.3",
      "resolved": "https://registry.npmjs.org/nodemailer/-/nodemailer-10.0.3.tgz",
      "integrity": "sha512-h5c8ypcMoOIh44bIcVROvTDbjRdOJX8AXTkxMht2C92HlSjkG+/8kjoqmNPypfjQaVNaUHWyZ3tqs5I3K91F3g==",
      "license": "MIT-0",
      "engines": {
        "node": ">=20.0.0"
      }
    },
    "node_modules/playwright-core": {
      "version": "1.62.1",
      "resolved": "https://registry.npmjs.org/playwright-core/-/playwright-core-1.62.1.tgz",
      "integrity": "sha512-wPYSwEBJY9GHraISXqyqtx0na0LpO3XEX7jNDhntbex7tzUS7kLnZsOlFruFJB4Hi/rhDMjXGqHewDZ68nYZVw==",
      "dev": true,
      "license": "Apache-2.0",
      "bin": {
        "playwright-core": "cli.js"
      },
      "engines": {
        "node": ">=20"
      }
    }
  }
}
